
Microsoft Visual Studio Solution File, Format Version 12.00
# Visual Studio Version 16
VisualStudioVersion = 16.0.30413.136
MinimumVisualStudioVersion = 10.0.40219.1
Project("{FAE04EC0-301F-11D3-BF4B-00C04F79EFBC}") = "Dortİslem", "Dortİslem\Dortİslem.csproj", "{682F06BB-37D3-459F-B2D0-6A9FD140CD69}"
EndProject
Global
	GlobalSection(SolutionConfigurationPlatforms) = preSolution
		Debug|Any CPU = Debug|Any CPU
		Release|Any CPU = Release|Any CPU
	EndGlobalSection
	GlobalSection(ProjectConfigurationPlatforms) = postSolution
		{682F06BB-37D3-459F-B2D0-6A9FD140CD69}.Debug|Any CPU.ActiveCfg = Debug|Any CPU
		{682F06BB-37D3-459F-B2D0-6A9FD140CD69}.Debug|Any CPU.Build.0 = Debug|Any CPU
		{682F06BB-37D3-459F-B2D0-6A9FD140CD69}.Release|Any CPU.ActiveCfg = Release|Any CPU
		{682F06BB-37D3-459F-B2D0-6A9FD140CD69}.Release|Any CPU.Build.0 = Release|Any CPU
	EndGlobalSection
	GlobalSection(SolutionProperties) = preSolution
		HideSolutionNode = FALSE
	EndGlobalSection
	GlobalSection(ExtensibilityGlobals) = postSolution
		SolutionGuid = {8527C90D-14DB-461F-853D-02A555D9E26C}
	EndGlobalSection
EndGlobal
